
Microsoft Visual Studio Solution File, Format Version 12.00
# Visual Studio Version 16
VisualStudioVersion = 16.0.31729.503
MinimumVisualStudioVersion = 10.0.40219.1
Project("{F184B08F-C81C-45F6-A57F-5ABD9991F28F}") = "PointLib", "PointLib\PointLib.vbproj", "{D6CCB751-35D3-4DF8-AFC5-7862B17B0550}"
EndProject
Project("{FAE04EC0-301F-11D3-BF4B-00C04F79EFBC}") = "FormApp", "WindowsFormsApp1\FormApp.csproj", "{A13BC4CF-B0EE-46D9-A94D-7BCEF54F20B6}"
EndProject
Global
	GlobalSection(SolutionConfigurationPlatforms) = preSolution
		Debug|Any CPU = Debug|Any CPU
		Release|Any CPU = Release|Any CPU
	EndGlobalSection
	GlobalSection(ProjectConfigurationPlatforms) = postSolution
		{D6CCB751-35D3-4DF8-AFC5-7862B17B0550}.Debug|Any CPU.ActiveCfg = Debug|Any CPU
		{D6CCB751-35D3-4DF8-AFC5-7862B17B0550}.Debug|Any CPU.Build.0 = Debug|Any CPU
		{D6CCB751-35D3-4DF8-AFC5-7862B17B0550}.Release|Any CPU.ActiveCfg = Release|Any CPU
		{D6CCB751-35D3-4DF8-AFC5-7862B17B0550}.Release|Any CPU.Build.0 = Release|Any CPU
		{A13BC4CF-B0EE-46D9-A94D-7BCEF54F20B6}.Debug|Any CPU.ActiveCfg = Debug|Any CPU
		{A13BC4CF-B0EE-46D9-A94D-7BCEF54F20B6}.Debug|Any CPU.Build.0 = Debug|Any CPU
		{A13BC4CF-B0EE-46D9-A94D-7BCEF54F20B6}.Release|Any CPU.ActiveCfg = Release|Any CPU
		{A13BC4CF-B0EE-46D9-A94D-7BCEF54F20B6}.Release|Any CPU.Build.0 = Release|Any CPU
	EndGlobalSection
	GlobalSection(SolutionProperties) = preSolution
		HideSolutionNode = FALSE
	EndGlobalSection
	GlobalSection(ExtensibilityGlobals) = postSolution
		SolutionGuid = {B5271488-4F13-47E2-B0CB-162DD2970042}
	EndGlobalSection
EndGlobal
